
Microsoft Visual Studio Solution File, Format Version 12.00
# Visual Studio Version 17
VisualStudioVersion = 17.10.35122.118
MinimumVisualStudioVersion = 10.0.40219.1
Project("{FAE04EC0-301F-11D3-BF4B-00C04F79EFBC}") = "ProjetoAula", "ProjetoAula\ProjetoAula.csproj", "{CBE9F783-58DF-4856-AE16-8D7ED9AEDA4B}"
EndProject
Global
	GlobalSection(SolutionConfigurationPlatforms) = preSolution
		Debug|Any CPU = Debug|Any CPU
		Release|Any CPU = Release|Any CPU
	EndGlobalSection
	GlobalSection(ProjectConfigurationPlatforms) = postSolution
		{CBE9F783-58DF-4856-AE16-8D7ED9AEDA4B}.Debug|Any CPU.ActiveCfg = Debug|Any CPU
		{CBE9F783-58DF-4856-AE16-8D7ED9AEDA4B}.Debug|Any CPU.Build.0 = Debug|Any CPU
		{CBE9F783-58DF-4856-AE16-8D7ED9AEDA4B}.Release|Any CPU.ActiveCfg = Release|Any CPU
		{CBE9F783-58DF-4856-AE16-8D7ED9AEDA4B}.Release|Any CPU.Build.0 = Release|Any CPU
	EndGlobalSection
	GlobalSection(SolutionProperties) = preSolution
		HideSolutionNode = FALSE
	EndGlobalSection
	GlobalSection(ExtensibilityGlobals) = postSolution
		SolutionGuid = {8FD5277E-0BFC-4AA1-9904-9470FCE81A3E}
	EndGlobalSection
EndGlobal
